
Microsoft Visual Studio Solution File, Format Version 11.00
# Visual Studio 2010
Project("{FAE04EC0-301F-11D3-BF4B-00C04F79EFBC}") = "Assembly-CSharp", "Assembly-CSharp.csproj", "{2eae8512-c25d-eaa3-ce2a-c0d6ae623611}"
EndProject
Project("{FAE04EC0-301F-11D3-BF4B-00C04F79EFBC}") = "FMODUnity", "FMODUnity.csproj", "{b63e00dd-8722-7829-f168-b7a60d4dab1a}"
EndProject
Project("{FAE04EC0-301F-11D3-BF4B-00C04F79EFBC}") = "Assembly-CSharp-Editor", "Assembly-CSharp-Editor.csproj", "{9055ebc0-8416-f23b-cb59-b27f17d29063}"
EndProject
Project("{FAE04EC0-301F-11D3-BF4B-00C04F79EFBC}") = "FMODUnityEditor", "FMODUnityEditor.csproj", "{ff35d5e1-9ae9-7beb-dffc-12bac32c1a41}"
EndProject
Project("{FAE04EC0-301F-11D3-BF4B-00C04F79EFBC}") = "FMODUnityResonanceEditor", "FMODUnityResonanceEditor.csproj", "{1f59e659-2ea2-a0d7-5830-2bb0e5efd0f8}"
EndProject
Project("{FAE04EC0-301F-11D3-BF4B-00C04F79EFBC}") = "FMODUnityResonance", "FMODUnityResonance.csproj", "{2552a66e-e42d-5c2a-944b-628d07a5cce5}"
EndProject
Project("{FAE04EC0-301F-11D3-BF4B-00C04F79EFBC}") = "Unity.InputSystem.RebindingUI", "Unity.InputSystem.RebindingUI.csproj", "{9ad8c574-0b76-6b95-61c4-226844427feb}"
EndProject
Project("{FAE04EC0-301F-11D3-BF4B-00C04F79EFBC}") = "FMODUnityHaptics", "FMODUnityHaptics.csproj", "{5081186b-4170-75b9-a6e3-16de9428e344}"
EndProject
Global
	GlobalSection(SolutionConfigurationPlatforms) = preSolution
		Debug|Any CPU = Debug|Any CPU
	EndGlobalSection
	GlobalSection(ProjectConfigurationPlatforms) = postSolution
		{2eae8512-c25d-eaa3-ce2a-c0d6ae623611}.Debug|Any CPU.ActiveCfg = Debug|Any CPU
		{2eae8512-c25d-eaa3-ce2a-c0d6ae623611}.Debug|Any CPU.Build.0 = Debug|Any CPU
		{b63e00dd-8722-7829-f168-b7a60d4dab1a}.Debug|Any CPU.ActiveCfg = Debug|Any CPU
		{b63e00dd-8722-7829-f168-b7a60d4dab1a}.Debug|Any CPU.Build.0 = Debug|Any CPU
		{9055ebc0-8416-f23b-cb59-b27f17d29063}.Debug|Any CPU.ActiveCfg = Debug|Any CPU
		{9055ebc0-8416-f23b-cb59-b27f17d29063}.Debug|Any CPU.Build.0 = Debug|Any CPU
		{ff35d5e1-9ae9-7beb-dffc-12bac32c1a41}.Debug|Any CPU.ActiveCfg = Debug|Any CPU
		{ff35d5e1-9ae9-7beb-dffc-12bac32c1a41}.Debug|Any CPU.Build.0 = Debug|Any CPU
		{1f59e659-2ea2-a0d7-5830-2bb0e5efd0f8}.Debug|Any CPU.ActiveCfg = Debug|Any CPU
		{1f59e659-2ea2-a0d7-5830-2bb0e5efd0f8}.Debug|Any CPU.Build.0 = Debug|Any CPU
		{2552a66e-e42d-5c2a-944b-628d07a5cce5}.Debug|Any CPU.ActiveCfg = Debug|Any CPU
		{2552a66e-e42d-5c2a-944b-628d07a5cce5}.Debug|Any CPU.Build.0 = Debug|Any CPU
		{9ad8c574-0b76-6b95-61c4-226844427feb}.Debug|Any CPU.ActiveCfg = Debug|Any CPU
		{9ad8c574-0b76-6b95-61c4-226844427feb}.Debug|Any CPU.Build.0 = Debug|Any CPU
		{5081186b-4170-75b9-a6e3-16de9428e344}.Debug|Any CPU.ActiveCfg = Debug|Any CPU
		{5081186b-4170-75b9-a6e3-16de9428e344}.Debug|Any CPU.Build.0 = Debug|Any CPU
	EndGlobalSection
	GlobalSection(SolutionProperties) = preSolution
		HideSolutionNode = FALSE
	EndGlobalSection
EndGlobal
