
Microsoft Visual Studio Solution File, Format Version 12.00
# Visual Studio 15
Project("{FAE04EC0-301F-11D3-BF4B-00C04F79EFBC}") = "FMODUnity", "FMODUnity.csproj", "{DD003EB6-2287-2978-F168-B7A60D4DAB1A}"
EndProject
Project("{FAE04EC0-301F-11D3-BF4B-00C04F79EFBC}") = "Assembly-CSharp", "Assembly-CSharp.csproj", "{1285AE2E-5DC2-A3EA-CE2A-C0D6AE623611}"
EndProject
Project("{FAE04EC0-301F-11D3-BF4B-00C04F79EFBC}") = "Assembly-CSharp-Editor", "Assembly-CSharp-Editor.csproj", "{C0EB5590-1684-3BF2-CB59-B27F17D29063}"
EndProject
Project("{FAE04EC0-301F-11D3-BF4B-00C04F79EFBC}") = "FMODUnityEditor", "FMODUnityEditor.csproj", "{E1D535FF-E99A-EB7B-DFFC-12BAC32C1A41}"
EndProject
Project("{FAE04EC0-301F-11D3-BF4B-00C04F79EFBC}") = "FMODUnityResonanceEditor", "FMODUnityResonanceEditor.csproj", "{59E6591F-A22E-D7A0-5830-2BB0E5EFD0F8}"
EndProject
Project("{FAE04EC0-301F-11D3-BF4B-00C04F79EFBC}") = "FMODUnityResonance", "FMODUnityResonance.csproj", "{6EA65225-2DE4-2A5C-944B-628D07A5CCE5}"
EndProject
Global
	GlobalSection(SolutionConfigurationPlatforms) = preSolution
		Debug|Any CPU = Debug|Any CPU
		Release|Any CPU = Release|Any CPU
	EndGlobalSection
	GlobalSection(ProjectConfigurationPlatforms) = postSolution
		{DD003EB6-2287-2978-F168-B7A60D4DAB1A}.Debug|Any CPU.ActiveCfg = Debug|Any CPU
		{DD003EB6-2287-2978-F168-B7A60D4DAB1A}.Debug|Any CPU.Build.0 = Debug|Any CPU
		{DD003EB6-2287-2978-F168-B7A60D4DAB1A}.Release|Any CPU.ActiveCfg = Release|Any CPU
		{DD003EB6-2287-2978-F168-B7A60D4DAB1A}.Release|Any CPU.Build.0 = Release|Any CPU
		{1285AE2E-5DC2-A3EA-CE2A-C0D6AE623611}.Debug|Any CPU.ActiveCfg = Debug|Any CPU
		{1285AE2E-5DC2-A3EA-CE2A-C0D6AE623611}.Debug|Any CPU.Build.0 = Debug|Any CPU
		{1285AE2E-5DC2-A3EA-CE2A-C0D6AE623611}.Release|Any CPU.ActiveCfg = Release|Any CPU
		{1285AE2E-5DC2-A3EA-CE2A-C0D6AE623611}.Release|Any CPU.Build.0 = Release|Any CPU
		{C0EB5590-1684-3BF2-CB59-B27F17D29063}.Debug|Any CPU.ActiveCfg = Debug|Any CPU
		{C0EB5590-1684-3BF2-CB59-B27F17D29063}.Debug|Any CPU.Build.0 = Debug|Any CPU
		{C0EB5590-1684-3BF2-CB59-B27F17D29063}.Release|Any CPU.ActiveCfg = Release|Any CPU
		{C0EB5590-1684-3BF2-CB59-B27F17D29063}.Release|Any CPU.Build.0 = Release|Any CPU
		{E1D535FF-E99A-EB7B-DFFC-12BAC32C1A41}.Debug|Any CPU.ActiveCfg = Debug|Any CPU
		{E1D535FF-E99A-EB7B-DFFC-12BAC32C1A41}.Debug|Any CPU.Build.0 = Debug|Any CPU
		{E1D535FF-E99A-EB7B-DFFC-12BAC32C1A41}.Release|Any CPU.ActiveCfg = Release|Any CPU
		{E1D535FF-E99A-EB7B-DFFC-12BAC32C1A41}.Release|Any CPU.Build.0 = Release|Any CPU
		{59E6591F-A22E-D7A0-5830-2BB0E5EFD0F8}.Debug|Any CPU.ActiveCfg = Debug|Any CPU
		{59E6591F-A22E-D7A0-5830-2BB0E5EFD0F8}.Debug|Any CPU.Build.0 = Debug|Any CPU
		{59E6591F-A22E-D7A0-5830-2BB0E5EFD0F8}.Release|Any CPU.ActiveCfg = Release|Any CPU
		{59E6591F-A22E-D7A0-5830-2BB0E5EFD0F8}.Release|Any CPU.Build.0 = Release|Any CPU
		{6EA65225-2DE4-2A5C-944B-628D07A5CCE5}.Debug|Any CPU.ActiveCfg = Debug|Any CPU
		{6EA65225-2DE4-2A5C-944B-628D07A5CCE5}.Debug|Any CPU.Build.0 = Debug|Any CPU
		{6EA65225-2DE4-2A5C-944B-628D07A5CCE5}.Release|Any CPU.ActiveCfg = Release|Any CPU
		{6EA65225-2DE4-2A5C-944B-628D07A5CCE5}.Release|Any CPU.Build.0 = Release|Any CPU
	EndGlobalSection
	GlobalSection(SolutionProperties) = preSolution
		HideSolutionNode = FALSE
	EndGlobalSection
EndGlobal
