
Microsoft Visual Studio Solution File, Format Version 12.00
# Visual Studio 15
Project("{FAE04EC0-301F-11D3-BF4B-00C04F79EFBC}") = "Unity.Timeline", "Unity.Timeline.csproj", "{181D8F9C-50B4-88E0-43A1-AA242B2AC485}"
EndProject
Project("{FAE04EC0-301F-11D3-BF4B-00C04F79EFBC}") = "Unity.PlasticSCM.Editor", "Unity.PlasticSCM.Editor.csproj", "{A6DE95F6-05DE-2A7A-B042-02C529F837E8}"
EndProject
Project("{FAE04EC0-301F-11D3-BF4B-00C04F79EFBC}") = "Unity.ShaderGraph.Editor", "Unity.ShaderGraph.Editor.csproj", "{806DA832-455D-A9A1-722F-EE18037AA729}"
EndProject
Project("{FAE04EC0-301F-11D3-BF4B-00C04F79EFBC}") = "Unity.InputSystem", "Unity.InputSystem.csproj", "{1138B856-DA22-6827-B258-ACD610D3BF2B}"
EndProject
Project("{FAE04EC0-301F-11D3-BF4B-00C04F79EFBC}") = "Unity.Localization", "Unity.Localization.csproj", "{F8744B0E-20E4-126E-2633-791597135AAE}"
EndProject
Project("{FAE04EC0-301F-11D3-BF4B-00C04F79EFBC}") = "Unity.VisualScripting.Flow", "Unity.VisualScripting.Flow.csproj", "{9111D492-8B90-CA3D-3689-28D0677BAB6E}"
EndProject
Project("{FAE04EC0-301F-11D3-BF4B-00C04F79EFBC}") = "Unity.RenderPipelines.Universal.Runtime", "Unity.RenderPipelines.Universal.Runtime.csproj", "{7D2203D6-CBC2-324B-EBF0-83E7379E9054}"
EndProject
Project("{FAE04EC0-301F-11D3-BF4B-00C04F79EFBC}") = "UnityEditor.UI", "UnityEditor.UI.csproj", "{5D52E955-7DBC-4EC2-CB4B-CEF4FBC7DC88}"
EndProject
Project("{FAE04EC0-301F-11D3-BF4B-00C04F79EFBC}") = "Unity.Timeline.Editor", "Unity.Timeline.Editor.csproj", "{9E1C4548-61E4-87C7-107C-B68A27BEFD94}"
EndProject
Project("{FAE04EC0-301F-11D3-BF4B-00C04F79EFBC}") = "Unity.RenderPipelines.Core.Runtime", "Unity.RenderPipelines.Core.Runtime.csproj", "{24E67F29-389A-178D-128D-5D63A5ABF02C}"
EndProject
Project("{FAE04EC0-301F-11D3-BF4B-00C04F79EFBC}") = "Unity.ScriptableBuildPipeline.Editor", "Unity.ScriptableBuildPipeline.Editor.csproj", "{A5340506-D349-71BA-20E0-7B85022988D5}"
EndProject
Project("{FAE04EC0-301F-11D3-BF4B-00C04F79EFBC}") = "Unity.Mathematics", "Unity.Mathematics.csproj", "{ABDB9881-9E3A-4ED6-8A74-F974C1F2A0D2}"
EndProject
Project("{FAE04EC0-301F-11D3-BF4B-00C04F79EFBC}") = "Unity.RenderPipelines.Core.Editor", "Unity.RenderPipelines.Core.Editor.csproj", "{4B6567F1-7E1A-67E9-A0C4-8D68F0DA85E2}"
EndProject
Project("{FAE04EC0-301F-11D3-BF4B-00C04F79EFBC}") = "Unity.Addressables.Editor", "Unity.Addressables.Editor.csproj", "{5291F9D1-7E8E-DA30-CE2C-5FAF57A213E2}"
EndProject
Project("{FAE04EC0-301F-11D3-BF4B-00C04F79EFBC}") = "Unity.VisualScripting.Core.Editor", "Unity.VisualScripting.Core.Editor.csproj", "{F908CC59-1086-0BCF-CE76-3F3ADC3A247C}"
EndProject
Project("{FAE04EC0-301F-11D3-BF4B-00C04F79EFBC}") = "UnityEditor.TestRunner", "UnityEditor.TestRunner.csproj", "{EB446E05-4A63-B1AC-D07B-E5043FE79553}"
EndProject
Project("{FAE04EC0-301F-11D3-BF4B-00C04F79EFBC}") = "Unity.RenderPipelines.Universal.Editor", "Unity.RenderPipelines.Universal.Editor.csproj", "{8451BC04-94BA-6249-B618-67FDC24BE2AB}"
EndProject
Project("{FAE04EC0-301F-11D3-BF4B-00C04F79EFBC}") = "Unity.TextMeshPro.Editor", "Unity.TextMeshPro.Editor.csproj", "{C2BC28E2-2F70-3E04-9DAD-A6264EA8732A}"
EndProject
Project("{FAE04EC0-301F-11D3-BF4B-00C04F79EFBC}") = "Unity.Localization.Editor", "Unity.Localization.Editor.csproj", "{26454D0D-D6E4-32A2-557C-16CF67ECE231}"
EndProject
Project("{FAE04EC0-301F-11D3-BF4B-00C04F79EFBC}") = "UnityEngine.TestRunner", "UnityEngine.TestRunner.csproj", "{7F7D12C0-2D83-9CDB-F431-5A3CBF6AED8C}"
EndProject
Project("{FAE04EC0-301F-11D3-BF4B-00C04F79EFBC}") = "Unity.VisualScripting.Core", "Unity.VisualScripting.Core.csproj", "{2369A022-F4D3-6C18-2D1A-C2300E25C02B}"
EndProject
Project("{FAE04EC0-301F-11D3-BF4B-00C04F79EFBC}") = "Unity.VisualScripting.Flow.Editor", "Unity.VisualScripting.Flow.Editor.csproj", "{DE704187-6BC6-15C9-8B32-C5E78E3B93DA}"
EndProject
Project("{FAE04EC0-301F-11D3-BF4B-00C04F79EFBC}") = "Assembly-CSharp", "Assembly-CSharp.csproj", "{1285AE2E-5DC2-A3EA-CE2A-C0D6AE623611}"
EndProject
Project("{FAE04EC0-301F-11D3-BF4B-00C04F79EFBC}") = "Unity.Searcher.Editor", "Unity.Searcher.Editor.csproj", "{793B5B54-C67E-37E7-DB74-CEB22ADA740B}"
EndProject
Project("{FAE04EC0-301F-11D3-BF4B-00C04F79EFBC}") = "Unity.Burst", "Unity.Burst.csproj", "{00300EF1-49A4-AA85-114C-8DB41D38D458}"
EndProject
Project("{FAE04EC0-301F-11D3-BF4B-00C04F79EFBC}") = "Autodesk.Fbx", "Autodesk.Fbx.csproj", "{A87FDCDC-F2C6-DC48-09E2-AA6449881101}"
EndProject
Project("{FAE04EC0-301F-11D3-BF4B-00C04F79EFBC}") = "Unity.VisualStudio.Editor", "Unity.VisualStudio.Editor.csproj", "{A8B23B10-B57A-9734-D2A1-36637871A1BF}"
EndProject
Project("{FAE04EC0-301F-11D3-BF4B-00C04F79EFBC}") = "PPv2URPConverters", "PPv2URPConverters.csproj", "{A08294F5-A41A-0DB4-A0FF-CC790942C182}"
EndProject
Project("{FAE04EC0-301F-11D3-BF4B-00C04F79EFBC}") = "Unity.TestTools.CodeCoverage.Editor.OpenCover.Model", "Unity.TestTools.CodeCoverage.Editor.OpenCover.Model.csproj", "{AD114E9F-C85A-87D2-5472-6910637F1ADB}"
EndProject
Project("{FAE04EC0-301F-11D3-BF4B-00C04F79EFBC}") = "Unity.Rider.Editor", "Unity.Rider.Editor.csproj", "{A2F89CDD-6801-9C70-249B-92BBDAF48612}"
EndProject
Project("{FAE04EC0-301F-11D3-BF4B-00C04F79EFBC}") = "Unity.ResourceManager", "Unity.ResourceManager.csproj", "{128F0927-4321-D1B3-6ECA-9A569E9D74B6}"
EndProject
Project("{FAE04EC0-301F-11D3-BF4B-00C04F79EFBC}") = "Assembly-CSharp-Editor", "Assembly-CSharp-Editor.csproj", "{C0EB5590-1684-3BF2-CB59-B27F17D29063}"
EndProject
Project("{FAE04EC0-301F-11D3-BF4B-00C04F79EFBC}") = "FMODUnityEditor", "FMODUnityEditor.csproj", "{E1D535FF-E99A-EB7B-DFFC-12BAC32C1A41}"
EndProject
Project("{FAE04EC0-301F-11D3-BF4B-00C04F79EFBC}") = "Unity.CollabProxy.Editor", "Unity.CollabProxy.Editor.csproj", "{167AB843-D984-8AB5-6D56-DF348C5DD5C7}"
EndProject
Project("{FAE04EC0-301F-11D3-BF4B-00C04F79EFBC}") = "Unity.Addressables", "Unity.Addressables.csproj", "{B41D3DAB-6CAC-80BF-5056-DA331CF56BEF}"
EndProject
Project("{FAE04EC0-301F-11D3-BF4B-00C04F79EFBC}") = "Unity.VisualScripting.State.Editor", "Unity.VisualScripting.State.Editor.csproj", "{368EE647-67F9-13CE-9E65-2B68761F338C}"
EndProject
Project("{FAE04EC0-301F-11D3-BF4B-00C04F79EFBC}") = "UnityEngine.UI", "UnityEngine.UI.csproj", "{A4E4E3D8-6506-37B4-1E38-0BF51D985509}"
EndProject
Project("{FAE04EC0-301F-11D3-BF4B-00C04F79EFBC}") = "Unity.TestTools.CodeCoverage.Editor", "Unity.TestTools.CodeCoverage.Editor.csproj", "{F8182E7C-7CDD-BE98-E9C7-336A29E08D84}"
EndProject
Project("{FAE04EC0-301F-11D3-BF4B-00C04F79EFBC}") = "Unity.Burst.CodeGen", "Unity.Burst.CodeGen.csproj", "{E4F29D61-20D8-E910-B967-7F7168803CC6}"
EndProject
Project("{FAE04EC0-301F-11D3-BF4B-00C04F79EFBC}") = "Unity.RenderPipeline.Universal.ShaderLibrary", "Unity.RenderPipeline.Universal.ShaderLibrary.csproj", "{177B87EA-F93A-AE3F-443C-F52FFF27F1D2}"
EndProject
Project("{FAE04EC0-301F-11D3-BF4B-00C04F79EFBC}") = "Unity.VisualScripting.State", "Unity.VisualScripting.State.csproj", "{7FFDB826-D2D0-C171-B924-D83DBEBB53AC}"
EndProject
Project("{FAE04EC0-301F-11D3-BF4B-00C04F79EFBC}") = "Unity.Formats.Fbx.Runtime", "Unity.Formats.Fbx.Runtime.csproj", "{7110C17C-0CEB-6EC8-2CF6-0F69EDB73260}"
EndProject
Project("{FAE04EC0-301F-11D3-BF4B-00C04F79EFBC}") = "Unity.TextMeshPro", "Unity.TextMeshPro.csproj", "{80B14612-DE5E-3292-DCF0-6AB47020EF48}"
EndProject
Project("{FAE04EC0-301F-11D3-BF4B-00C04F79EFBC}") = "Unity.Performance.Profile-Analyzer.Editor", "Unity.Performance.Profile-Analyzer.Editor.csproj", "{E15E52A2-FBC9-CAAB-DFAB-1F5A129C23A9}"
EndProject
Project("{FAE04EC0-301F-11D3-BF4B-00C04F79EFBC}") = "Unity.InternalAPIEngineBridge.013", "Unity.InternalAPIEngineBridge.013.csproj", "{DDD3587B-01B3-BE05-4C3A-16DFBF974493}"
EndProject
Project("{FAE04EC0-301F-11D3-BF4B-00C04F79EFBC}") = "Unity.VisualScripting.SettingsProvider.Editor", "Unity.VisualScripting.SettingsProvider.Editor.csproj", "{2BC07824-DBE5-062F-1B1D-2086E4433D4D}"
EndProject
Project("{FAE04EC0-301F-11D3-BF4B-00C04F79EFBC}") = "Unity.VSCode.Editor", "Unity.VSCode.Editor.csproj", "{A45751A6-DB1F-D432-5385-A9C144B27364}"
EndProject
Project("{FAE04EC0-301F-11D3-BF4B-00C04F79EFBC}") = "Unity.Burst.Editor", "Unity.Burst.Editor.csproj", "{CBAE7C15-08BE-4530-8026-C93B9EE6E283}"
EndProject
Project("{FAE04EC0-301F-11D3-BF4B-00C04F79EFBC}") = "Unity.TestTools.CodeCoverage.Editor.OpenCover.Mono.Reflection", "Unity.TestTools.CodeCoverage.Editor.OpenCover.Mono.Reflection.csproj", "{D3373804-C91F-DAF5-4325-E5DD71776973}"
EndProject
Project("{FAE04EC0-301F-11D3-BF4B-00C04F79EFBC}") = "Unity.Formats.Fbx.Editor", "Unity.Formats.Fbx.Editor.csproj", "{30867A27-9802-9250-74D0-5D6BB7A30063}"
EndProject
Project("{FAE04EC0-301F-11D3-BF4B-00C04F79EFBC}") = "Unity.InternalAPIEditorBridge.013", "Unity.InternalAPIEditorBridge.013.csproj", "{E2A2B949-5B25-24C4-A389-B6729DBE95B3}"
EndProject
Project("{FAE04EC0-301F-11D3-BF4B-00C04F79EFBC}") = "Unity.Settings.Editor", "Unity.Settings.Editor.csproj", "{A7A83373-D2CF-3C14-4D44-557E17648A37}"
EndProject
Project("{FAE04EC0-301F-11D3-BF4B-00C04F79EFBC}") = "FMODUnityResonanceEditor", "FMODUnityResonanceEditor.csproj", "{59E6591F-A22E-D7A0-5830-2BB0E5EFD0F8}"
EndProject
Project("{FAE04EC0-301F-11D3-BF4B-00C04F79EFBC}") = "Unity.2D.Sprite.Editor", "Unity.2D.Sprite.Editor.csproj", "{FB5DF8D6-B081-2C30-FFB7-8BAD49306396}"
EndProject
Project("{FAE04EC0-301F-11D3-BF4B-00C04F79EFBC}") = "FMODUnity", "FMODUnity.csproj", "{DD003EB6-2287-2978-F168-B7A60D4DAB1A}"
EndProject
Project("{FAE04EC0-301F-11D3-BF4B-00C04F79EFBC}") = "Unity.InputSystem.ForUI", "Unity.InputSystem.ForUI.csproj", "{306E5767-73AF-C9B7-2D00-12757DE8514A}"
EndProject
Project("{FAE04EC0-301F-11D3-BF4B-00C04F79EFBC}") = "Unity.Mathematics.Editor", "Unity.Mathematics.Editor.csproj", "{1A5A0358-E236-382F-D2E5-6C4CF7A46507}"
EndProject
Project("{FAE04EC0-301F-11D3-BF4B-00C04F79EFBC}") = "Unity.InputSystem.RebindingUI", "Unity.InputSystem.RebindingUI.csproj", "{74C5D89A-760B-956B-61C4-226844427FEB}"
EndProject
Project("{FAE04EC0-301F-11D3-BF4B-00C04F79EFBC}") = "Unity.InputSystem.TestFramework", "Unity.InputSystem.TestFramework.csproj", "{E5934EC9-E300-CEB5-950A-9D311CFD9038}"
EndProject
Project("{FAE04EC0-301F-11D3-BF4B-00C04F79EFBC}") = "Unity.ShaderGraph.Utilities", "Unity.ShaderGraph.Utilities.csproj", "{859A8900-1DFD-40CE-61F2-98BDC3641F3B}"
EndProject
Project("{FAE04EC0-301F-11D3-BF4B-00C04F79EFBC}") = "Unity.VisualScripting.Shared.Editor", "Unity.VisualScripting.Shared.Editor.csproj", "{695F5D02-F89B-C795-6988-B4E49552EBDE}"
EndProject
Project("{FAE04EC0-301F-11D3-BF4B-00C04F79EFBC}") = "Unity.EditorCoroutines.Editor", "Unity.EditorCoroutines.Editor.csproj", "{B091784C-C1F1-F7F7-B57F-48CC82EA4CC8}"
EndProject
Project("{FAE04EC0-301F-11D3-BF4B-00C04F79EFBC}") = "Autodesk.Fbx.Editor", "Autodesk.Fbx.Editor.csproj", "{BABA277D-8761-7725-41D2-68A616859B23}"
EndProject
Project("{FAE04EC0-301F-11D3-BF4B-00C04F79EFBC}") = "Unity.ScriptableBuildPipeline", "Unity.ScriptableBuildPipeline.csproj", "{1FA704F0-0385-5674-9D62-B0FC487F7893}"
EndProject
Project("{FAE04EC0-301F-11D3-BF4B-00C04F79EFBC}") = "Unity.PlasticSCM.Editor.Entities", "Unity.PlasticSCM.Editor.Entities.csproj", "{CA80F8EE-5C18-6CB0-2BB6-5BBFB4A8F26A}"
EndProject
Project("{FAE04EC0-301F-11D3-BF4B-00C04F79EFBC}") = "FMODUnityResonance", "FMODUnityResonance.csproj", "{6EA65225-2DE4-2A5C-944B-628D07A5CCE5}"
EndProject
Project("{FAE04EC0-301F-11D3-BF4B-00C04F79EFBC}") = "Unity.RenderPipelines.Universal.Config.Runtime", "Unity.RenderPipelines.Universal.Config.Runtime.csproj", "{279AB7AF-133E-5C9C-43C1-E580E3F8B62F}"
EndProject
Project("{FAE04EC0-301F-11D3-BF4B-00C04F79EFBC}") = "Unity.RenderPipelines.ShaderGraph.ShaderGraphLibrary", "Unity.RenderPipelines.ShaderGraph.ShaderGraphLibrary.csproj", "{AAC510CD-C1BF-73D3-D3FB-EE0E4D313386}"
EndProject
Project("{FAE04EC0-301F-11D3-BF4B-00C04F79EFBC}") = "Unity.RenderPipelines.Core.ShaderLibrary", "Unity.RenderPipelines.Core.ShaderLibrary.csproj", "{EAA177A4-1F8D-A713-70C3-844DD4A392E3}"
EndProject
Project("{FAE04EC0-301F-11D3-BF4B-00C04F79EFBC}") = "FbxBuildTestAssets", "FbxBuildTestAssets.csproj", "{8515411C-1538-C523-9415-3259F2991210}"
EndProject
Project("{FAE04EC0-301F-11D3-BF4B-00C04F79EFBC}") = "Unity.RenderPipelines.Universal.Shaders", "Unity.RenderPipelines.Universal.Shaders.csproj", "{A168E18B-5BAD-A14A-7BCC-15047F80E15B}"
EndProject
Project("{FAE04EC0-301F-11D3-BF4B-00C04F79EFBC}") = "Unity.Timeline", "Unity.Timeline.Player.csproj", "{2C3883DA-9276-60CE-627C-C8AB41C1520F}"
EndProject
Project("{FAE04EC0-301F-11D3-BF4B-00C04F79EFBC}") = "Unity.InputSystem", "Unity.InputSystem.Player.csproj", "{D12DF6F1-8ADF-2A72-E897-24F880E4AF72}"
EndProject
Project("{FAE04EC0-301F-11D3-BF4B-00C04F79EFBC}") = "Unity.Localization", "Unity.Localization.Player.csproj", "{7917549D-CA13-9B63-96D4-4BAE2C3ADA80}"
EndProject
Project("{FAE04EC0-301F-11D3-BF4B-00C04F79EFBC}") = "Unity.VisualScripting.Flow", "Unity.VisualScripting.Flow.Player.csproj", "{88B37376-6816-3537-8983-966F09868235}"
EndProject
Project("{FAE04EC0-301F-11D3-BF4B-00C04F79EFBC}") = "Unity.RenderPipelines.Universal.Runtime", "Unity.RenderPipelines.Universal.Runtime.Player.csproj", "{3767B16F-876B-2964-6FC6-A481D9ADA3C8}"
EndProject
Project("{FAE04EC0-301F-11D3-BF4B-00C04F79EFBC}") = "Unity.RenderPipelines.Core.Runtime", "Unity.RenderPipelines.Core.Runtime.Player.csproj", "{3DAE2530-6054-A8F9-F07E-ABB431AF2E96}"
EndProject
Project("{FAE04EC0-301F-11D3-BF4B-00C04F79EFBC}") = "Unity.Mathematics", "Unity.Mathematics.Player.csproj", "{91B751A1-A6D2-5654-D512-098230E14632}"
EndProject
Project("{FAE04EC0-301F-11D3-BF4B-00C04F79EFBC}") = "UnityEngine.TestRunner", "UnityEngine.TestRunner.Player.csproj", "{BEC1ABC1-BE68-F66C-4CD5-39154EED3D09}"
EndProject
Project("{FAE04EC0-301F-11D3-BF4B-00C04F79EFBC}") = "Unity.VisualScripting.Core", "Unity.VisualScripting.Core.Player.csproj", "{DC2CAF90-7FF8-5196-4E18-B2A21C9D5F5D}"
EndProject
Project("{FAE04EC0-301F-11D3-BF4B-00C04F79EFBC}") = "Assembly-CSharp", "Assembly-CSharp.Player.csproj", "{81509599-0128-A61B-D61D-053116089670}"
EndProject
Project("{FAE04EC0-301F-11D3-BF4B-00C04F79EFBC}") = "Unity.Burst", "Unity.Burst.Player.csproj", "{75148964-E182-2EB7-1ADD-51E9D3B0F89C}"
EndProject
Project("{FAE04EC0-301F-11D3-BF4B-00C04F79EFBC}") = "Autodesk.Fbx", "Autodesk.Fbx.Player.csproj", "{E7027D75-9951-F9D4-C09C-8264EE5F368B}"
EndProject
Project("{FAE04EC0-301F-11D3-BF4B-00C04F79EFBC}") = "Unity.ResourceManager", "Unity.ResourceManager.Player.csproj", "{7AAEA511-7E70-3E9F-D303-74CCBC48E400}"
EndProject
Project("{FAE04EC0-301F-11D3-BF4B-00C04F79EFBC}") = "Unity.Addressables", "Unity.Addressables.Player.csproj", "{68010E5C-98B0-F221-A15C-912CA8416135}"
EndProject
Project("{FAE04EC0-301F-11D3-BF4B-00C04F79EFBC}") = "UnityEngine.UI", "UnityEngine.UI.Player.csproj", "{B57E51D4-A539-6ABA-D4D3-7E8F5A441857}"
EndProject
Project("{FAE04EC0-301F-11D3-BF4B-00C04F79EFBC}") = "Unity.RenderPipeline.Universal.ShaderLibrary", "Unity.RenderPipeline.Universal.ShaderLibrary.Player.csproj", "{5CCEA7A9-2470-2FAB-8DA8-AEE9FC982CFB}"
EndProject
Project("{FAE04EC0-301F-11D3-BF4B-00C04F79EFBC}") = "Unity.VisualScripting.State", "Unity.VisualScripting.State.Player.csproj", "{8843DE4B-13A8-068C-4A3E-8E060B6EC447}"
EndProject
Project("{FAE04EC0-301F-11D3-BF4B-00C04F79EFBC}") = "Unity.Formats.Fbx.Runtime", "Unity.Formats.Fbx.Runtime.Player.csproj", "{4D17B72D-55C8-8450-D84B-DD56A70BDE75}"
EndProject
Project("{FAE04EC0-301F-11D3-BF4B-00C04F79EFBC}") = "Unity.TextMeshPro", "Unity.TextMeshPro.Player.csproj", "{AAEC1E1F-17ED-C546-9DC8-AAB9F8C7D7DB}"
EndProject
Project("{FAE04EC0-301F-11D3-BF4B-00C04F79EFBC}") = "Unity.InternalAPIEngineBridge.013", "Unity.InternalAPIEngineBridge.013.Player.csproj", "{F1DD8ECC-736F-2117-3BE4-78D68AA40A83}"
EndProject
Project("{FAE04EC0-301F-11D3-BF4B-00C04F79EFBC}") = "FMODUnity", "FMODUnity.Player.csproj", "{190004C1-D2D7-8486-2D72-B54DBDADD83F}"
EndProject
Project("{FAE04EC0-301F-11D3-BF4B-00C04F79EFBC}") = "Unity.InputSystem.ForUI", "Unity.InputSystem.ForUI.Player.csproj", "{24ED7EDB-6ECC-1B80-1BF5-32316348E1C0}"
EndProject
Project("{FAE04EC0-301F-11D3-BF4B-00C04F79EFBC}") = "Unity.InputSystem.RebindingUI", "Unity.InputSystem.RebindingUI.Player.csproj", "{B7A3D183-E899-2F4C-803F-A55317BA2A75}"
EndProject
Project("{FAE04EC0-301F-11D3-BF4B-00C04F79EFBC}") = "Unity.InputSystem.TestFramework", "Unity.InputSystem.TestFramework.Player.csproj", "{ECA1A38F-BB27-EF34-7521-B96F145BF3F8}"
EndProject
Project("{FAE04EC0-301F-11D3-BF4B-00C04F79EFBC}") = "Unity.ScriptableBuildPipeline", "Unity.ScriptableBuildPipeline.Player.csproj", "{985FB393-7907-109A-241A-3715394FF320}"
EndProject
Project("{FAE04EC0-301F-11D3-BF4B-00C04F79EFBC}") = "FMODUnityResonance", "FMODUnityResonance.Player.csproj", "{6249D2C6-C281-3609-C6C8-A76966DCA0F5}"
EndProject
Project("{FAE04EC0-301F-11D3-BF4B-00C04F79EFBC}") = "Unity.RenderPipelines.Universal.Config.Runtime", "Unity.RenderPipelines.Universal.Config.Runtime.Player.csproj", "{C1BD89DB-2BF3-E0CD-671F-A6FDAD718760}"
EndProject
Project("{FAE04EC0-301F-11D3-BF4B-00C04F79EFBC}") = "Unity.RenderPipelines.ShaderGraph.ShaderGraphLibrary", "Unity.RenderPipelines.ShaderGraph.ShaderGraphLibrary.Player.csproj", "{6AF95093-2EC4-99F3-A2AF-C6A68158A16F}"
EndProject
Project("{FAE04EC0-301F-11D3-BF4B-00C04F79EFBC}") = "Unity.RenderPipelines.Core.ShaderLibrary", "Unity.RenderPipelines.Core.ShaderLibrary.Player.csproj", "{3C295EFC-3CFC-D3F2-1B50-5DA31D351695}"
EndProject
Project("{FAE04EC0-301F-11D3-BF4B-00C04F79EFBC}") = "FbxBuildTestAssets", "FbxBuildTestAssets.Player.csproj", "{4653CB91-8FED-A09C-EF73-3625906372B5}"
EndProject
Project("{FAE04EC0-301F-11D3-BF4B-00C04F79EFBC}") = "Unity.RenderPipelines.Universal.Shaders", "Unity.RenderPipelines.Universal.Shaders.Player.csproj", "{5BA596C1-F2CA-6D6B-6E43-3B83D56F61EF}"
EndProject
Global
	GlobalSection(SolutionConfigurationPlatforms) = preSolution
		Debug|Any CPU = Debug|Any CPU
		Release|Any CPU = Release|Any CPU
	EndGlobalSection
	GlobalSection(ProjectConfigurationPlatforms) = postSolution
		{181D8F9C-50B4-88E0-43A1-AA242B2AC485}.Debug|Any CPU.ActiveCfg = Debug|Any CPU
		{181D8F9C-50B4-88E0-43A1-AA242B2AC485}.Debug|Any CPU.Build.0 = Debug|Any CPU
		{181D8F9C-50B4-88E0-43A1-AA242B2AC485}.Release|Any CPU.ActiveCfg = Release|Any CPU
		{181D8F9C-50B4-88E0-43A1-AA242B2AC485}.Release|Any CPU.Build.0 = Release|Any CPU
		{A6DE95F6-05DE-2A7A-B042-02C529F837E8}.Debug|Any CPU.ActiveCfg = Debug|Any CPU
		{A6DE95F6-05DE-2A7A-B042-02C529F837E8}.Debug|Any CPU.Build.0 = Debug|Any CPU
		{A6DE95F6-05DE-2A7A-B042-02C529F837E8}.Release|Any CPU.ActiveCfg = Release|Any CPU
		{A6DE95F6-05DE-2A7A-B042-02C529F837E8}.Release|Any CPU.Build.0 = Release|Any CPU
		{806DA832-455D-A9A1-722F-EE18037AA729}.Debug|Any CPU.ActiveCfg = Debug|Any CPU
		{806DA832-455D-A9A1-722F-EE18037AA729}.Debug|Any CPU.Build.0 = Debug|Any CPU
		{806DA832-455D-A9A1-722F-EE18037AA729}.Release|Any CPU.ActiveCfg = Release|Any CPU
		{806DA832-455D-A9A1-722F-EE18037AA729}.Release|Any CPU.Build.0 = Release|Any CPU
		{1138B856-DA22-6827-B258-ACD610D3BF2B}.Debug|Any CPU.ActiveCfg = Debug|Any CPU
		{1138B856-DA22-6827-B258-ACD610D3BF2B}.Debug|Any CPU.Build.0 = Debug|Any CPU
		{1138B856-DA22-6827-B258-ACD610D3BF2B}.Release|Any CPU.ActiveCfg = Release|Any CPU
		{1138B856-DA22-6827-B258-ACD610D3BF2B}.Release|Any CPU.Build.0 = Release|Any CPU
		{F8744B0E-20E4-126E-2633-791597135AAE}.Debug|Any CPU.ActiveCfg = Debug|Any CPU
		{F8744B0E-20E4-126E-2633-791597135AAE}.Debug|Any CPU.Build.0 = Debug|Any CPU
		{F8744B0E-20E4-126E-2633-791597135AAE}.Release|Any CPU.ActiveCfg = Release|Any CPU
		{F8744B0E-20E4-126E-2633-791597135AAE}.Release|Any CPU.Build.0 = Release|Any CPU
		{9111D492-8B90-CA3D-3689-28D0677BAB6E}.Debug|Any CPU.ActiveCfg = Debug|Any CPU
		{9111D492-8B90-CA3D-3689-28D0677BAB6E}.Debug|Any CPU.Build.0 = Debug|Any CPU
		{9111D492-8B90-CA3D-3689-28D0677BAB6E}.Release|Any CPU.ActiveCfg = Release|Any CPU
		{9111D492-8B90-CA3D-3689-28D0677BAB6E}.Release|Any CPU.Build.0 = Release|Any CPU
		{7D2203D6-CBC2-324B-EBF0-83E7379E9054}.Debug|Any CPU.ActiveCfg = Debug|Any CPU
		{7D2203D6-CBC2-324B-EBF0-83E7379E9054}.Debug|Any CPU.Build.0 = Debug|Any CPU
		{7D2203D6-CBC2-324B-EBF0-83E7379E9054}.Release|Any CPU.ActiveCfg = Release|Any CPU
		{7D2203D6-CBC2-324B-EBF0-83E7379E9054}.Release|Any CPU.Build.0 = Release|Any CPU
		{5D52E955-7DBC-4EC2-CB4B-CEF4FBC7DC88}.Debug|Any CPU.ActiveCfg = Debug|Any CPU
		{5D52E955-7DBC-4EC2-CB4B-CEF4FBC7DC88}.Debug|Any CPU.Build.0 = Debug|Any CPU
		{5D52E955-7DBC-4EC2-CB4B-CEF4FBC7DC88}.Release|Any CPU.ActiveCfg = Release|Any CPU
		{5D52E955-7DBC-4EC2-CB4B-CEF4FBC7DC88}.Release|Any CPU.Build.0 = Release|Any CPU
		{9E1C4548-61E4-87C7-107C-B68A27BEFD94}.Debug|Any CPU.ActiveCfg = Debug|Any CPU
		{9E1C4548-61E4-87C7-107C-B68A27BEFD94}.Debug|Any CPU.Build.0 = Debug|Any CPU
		{9E1C4548-61E4-87C7-107C-B68A27BEFD94}.Release|Any CPU.ActiveCfg = Release|Any CPU
		{9E1C4548-61E4-87C7-107C-B68A27BEFD94}.Release|Any CPU.Build.0 = Release|Any CPU
		{24E67F29-389A-178D-128D-5D63A5ABF02C}.Debug|Any CPU.ActiveCfg = Debug|Any CPU
		{24E67F29-389A-178D-128D-5D63A5ABF02C}.Debug|Any CPU.Build.0 = Debug|Any CPU
		{24E67F29-389A-178D-128D-5D63A5ABF02C}.Release|Any CPU.ActiveCfg = Release|Any CPU
		{24E67F29-389A-178D-128D-5D63A5ABF02C}.Release|Any CPU.Build.0 = Release|Any CPU
		{A5340506-D349-71BA-20E0-7B85022988D5}.Debug|Any CPU.ActiveCfg = Debug|Any CPU
		{A5340506-D349-71BA-20E0-7B85022988D5}.Debug|Any CPU.Build.0 = Debug|Any CPU
		{A5340506-D349-71BA-20E0-7B85022988D5}.Release|Any CPU.ActiveCfg = Release|Any CPU
		{A5340506-D349-71BA-20E0-7B85022988D5}.Release|Any CPU.Build.0 = Release|Any CPU
		{ABDB9881-9E3A-4ED6-8A74-F974C1F2A0D2}.Debug|Any CPU.ActiveCfg = Debug|Any CPU
		{ABDB9881-9E3A-4ED6-8A74-F974C1F2A0D2}.Debug|Any CPU.Build.0 = Debug|Any CPU
		{ABDB9881-9E3A-4ED6-8A74-F974C1F2A0D2}.Release|Any CPU.ActiveCfg = Release|Any CPU
		{ABDB9881-9E3A-4ED6-8A74-F974C1F2A0D2}.Release|Any CPU.Build.0 = Release|Any CPU
		{4B6567F1-7E1A-67E9-A0C4-8D68F0DA85E2}.Debug|Any CPU.ActiveCfg = Debug|Any CPU
		{4B6567F1-7E1A-67E9-A0C4-8D68F0DA85E2}.Debug|Any CPU.Build.0 = Debug|Any CPU
		{4B6567F1-7E1A-67E9-A0C4-8D68F0DA85E2}.Release|Any CPU.ActiveCfg = Release|Any CPU
		{4B6567F1-7E1A-67E9-A0C4-8D68F0DA85E2}.Release|Any CPU.Build.0 = Release|Any CPU
		{5291F9D1-7E8E-DA30-CE2C-5FAF57A213E2}.Debug|Any CPU.ActiveCfg = Debug|Any CPU
		{5291F9D1-7E8E-DA30-CE2C-5FAF57A213E2}.Debug|Any CPU.Build.0 = Debug|Any CPU
		{5291F9D1-7E8E-DA30-CE2C-5FAF57A213E2}.Release|Any CPU.ActiveCfg = Release|Any CPU
		{5291F9D1-7E8E-DA30-CE2C-5FAF57A213E2}.Release|Any CPU.Build.0 = Release|Any CPU
		{F908CC59-1086-0BCF-CE76-3F3ADC3A247C}.Debug|Any CPU.ActiveCfg = Debug|Any CPU
		{F908CC59-1086-0BCF-CE76-3F3ADC3A247C}.Debug|Any CPU.Build.0 = Debug|Any CPU
		{F908CC59-1086-0BCF-CE76-3F3ADC3A247C}.Release|Any CPU.ActiveCfg = Release|Any CPU
		{F908CC59-1086-0BCF-CE76-3F3ADC3A247C}.Release|Any CPU.Build.0 = Release|Any CPU
		{EB446E05-4A63-B1AC-D07B-E5043FE79553}.Debug|Any CPU.ActiveCfg = Debug|Any CPU
		{EB446E05-4A63-B1AC-D07B-E5043FE79553}.Debug|Any CPU.Build.0 = Debug|Any CPU
		{EB446E05-4A63-B1AC-D07B-E5043FE79553}.Release|Any CPU.ActiveCfg = Release|Any CPU
		{EB446E05-4A63-B1AC-D07B-E5043FE79553}.Release|Any CPU.Build.0 = Release|Any CPU
		{8451BC04-94BA-6249-B618-67FDC24BE2AB}.Debug|Any CPU.ActiveCfg = Debug|Any CPU
		{8451BC04-94BA-6249-B618-67FDC24BE2AB}.Debug|Any CPU.Build.0 = Debug|Any CPU
		{8451BC04-94BA-6249-B618-67FDC24BE2AB}.Release|Any CPU.ActiveCfg = Release|Any CPU
		{8451BC04-94BA-6249-B618-67FDC24BE2AB}.Release|Any CPU.Build.0 = Release|Any CPU
		{C2BC28E2-2F70-3E04-9DAD-A6264EA8732A}.Debug|Any CPU.ActiveCfg = Debug|Any CPU
		{C2BC28E2-2F70-3E04-9DAD-A6264EA8732A}.Debug|Any CPU.Build.0 = Debug|Any CPU
		{C2BC28E2-2F70-3E04-9DAD-A6264EA8732A}.Release|Any CPU.ActiveCfg = Release|Any CPU
		{C2BC28E2-2F70-3E04-9DAD-A6264EA8732A}.Release|Any CPU.Build.0 = Release|Any CPU
		{26454D0D-D6E4-32A2-557C-16CF67ECE231}.Debug|Any CPU.ActiveCfg = Debug|Any CPU
		{26454D0D-D6E4-32A2-557C-16CF67ECE231}.Debug|Any CPU.Build.0 = Debug|Any CPU
		{26454D0D-D6E4-32A2-557C-16CF67ECE231}.Release|Any CPU.ActiveCfg = Release|Any CPU
		{26454D0D-D6E4-32A2-557C-16CF67ECE231}.Release|Any CPU.Build.0 = Release|Any CPU
		{7F7D12C0-2D83-9CDB-F431-5A3CBF6AED8C}.Debug|Any CPU.ActiveCfg = Debug|Any CPU
		{7F7D12C0-2D83-9CDB-F431-5A3CBF6AED8C}.Debug|Any CPU.Build.0 = Debug|Any CPU
		{7F7D12C0-2D83-9CDB-F431-5A3CBF6AED8C}.Release|Any CPU.ActiveCfg = Release|Any CPU
		{7F7D12C0-2D83-9CDB-F431-5A3CBF6AED8C}.Release|Any CPU.Build.0 = Release|Any CPU
		{2369A022-F4D3-6C18-2D1A-C2300E25C02B}.Debug|Any CPU.ActiveCfg = Debug|Any CPU
		{2369A022-F4D3-6C18-2D1A-C2300E25C02B}.Debug|Any CPU.Build.0 = Debug|Any CPU
		{2369A022-F4D3-6C18-2D1A-C2300E25C02B}.Release|Any CPU.ActiveCfg = Release|Any CPU
		{2369A022-F4D3-6C18-2D1A-C2300E25C02B}.Release|Any CPU.Build.0 = Release|Any CPU
		{DE704187-6BC6-15C9-8B32-C5E78E3B93DA}.Debug|Any CPU.ActiveCfg = Debug|Any CPU
		{DE704187-6BC6-15C9-8B32-C5E78E3B93DA}.Debug|Any CPU.Build.0 = Debug|Any CPU
		{DE704187-6BC6-15C9-8B32-C5E78E3B93DA}.Release|Any CPU.ActiveCfg = Release|Any CPU
		{DE704187-6BC6-15C9-8B32-C5E78E3B93DA}.Release|Any CPU.Build.0 = Release|Any CPU
		{1285AE2E-5DC2-A3EA-CE2A-C0D6AE623611}.Debug|Any CPU.ActiveCfg = Debug|Any CPU
		{1285AE2E-5DC2-A3EA-CE2A-C0D6AE623611}.Debug|Any CPU.Build.0 = Debug|Any CPU
		{1285AE2E-5DC2-A3EA-CE2A-C0D6AE623611}.Release|Any CPU.ActiveCfg = Release|Any CPU
		{1285AE2E-5DC2-A3EA-CE2A-C0D6AE623611}.Release|Any CPU.Build.0 = Release|Any CPU
		{793B5B54-C67E-37E7-DB74-CEB22ADA740B}.Debug|Any CPU.ActiveCfg = Debug|Any CPU
		{793B5B54-C67E-37E7-DB74-CEB22ADA740B}.Debug|Any CPU.Build.0 = Debug|Any CPU
		{793B5B54-C67E-37E7-DB74-CEB22ADA740B}.Release|Any CPU.ActiveCfg = Release|Any CPU
		{793B5B54-C67E-37E7-DB74-CEB22ADA740B}.Release|Any CPU.Build.0 = Release|Any CPU
		{00300EF1-49A4-AA85-114C-8DB41D38D458}.Debug|Any CPU.ActiveCfg = Debug|Any CPU
		{00300EF1-49A4-AA85-114C-8DB41D38D458}.Debug|Any CPU.Build.0 = Debug|Any CPU
		{00300EF1-49A4-AA85-114C-8DB41D38D458}.Release|Any CPU.ActiveCfg = Release|Any CPU
		{00300EF1-49A4-AA85-114C-8DB41D38D458}.Release|Any CPU.Build.0 = Release|Any CPU
		{A87FDCDC-F2C6-DC48-09E2-AA6449881101}.Debug|Any CPU.ActiveCfg = Debug|Any CPU
		{A87FDCDC-F2C6-DC48-09E2-AA6449881101}.Debug|Any CPU.Build.0 = Debug|Any CPU
		{A87FDCDC-F2C6-DC48-09E2-AA6449881101}.Release|Any CPU.ActiveCfg = Release|Any CPU
		{A87FDCDC-F2C6-DC48-09E2-AA6449881101}.Release|Any CPU.Build.0 = Release|Any CPU
		{A8B23B10-B57A-9734-D2A1-36637871A1BF}.Debug|Any CPU.ActiveCfg = Debug|Any CPU
		{A8B23B10-B57A-9734-D2A1-36637871A1BF}.Debug|Any CPU.Build.0 = Debug|Any CPU
		{A8B23B10-B57A-9734-D2A1-36637871A1BF}.Release|Any CPU.ActiveCfg = Release|Any CPU
		{A8B23B10-B57A-9734-D2A1-36637871A1BF}.Release|Any CPU.Build.0 = Release|Any CPU
		{A08294F5-A41A-0DB4-A0FF-CC790942C182}.Debug|Any CPU.ActiveCfg = Debug|Any CPU
		{A08294F5-A41A-0DB4-A0FF-CC790942C182}.Debug|Any CPU.Build.0 = Debug|Any CPU
		{A08294F5-A41A-0DB4-A0FF-CC790942C182}.Release|Any CPU.ActiveCfg = Release|Any CPU
		{A08294F5-A41A-0DB4-A0FF-CC790942C182}.Release|Any CPU.Build.0 = Release|Any CPU
		{AD114E9F-C85A-87D2-5472-6910637F1ADB}.Debug|Any CPU.ActiveCfg = Debug|Any CPU
		{AD114E9F-C85A-87D2-5472-6910637F1ADB}.Debug|Any CPU.Build.0 = Debug|Any CPU
		{AD114E9F-C85A-87D2-5472-6910637F1ADB}.Release|Any CPU.ActiveCfg = Release|Any CPU
		{AD114E9F-C85A-87D2-5472-6910637F1ADB}.Release|Any CPU.Build.0 = Release|Any CPU
		{A2F89CDD-6801-9C70-249B-92BBDAF48612}.Debug|Any CPU.ActiveCfg = Debug|Any CPU
		{A2F89CDD-6801-9C70-249B-92BBDAF48612}.Debug|Any CPU.Build.0 = Debug|Any CPU
		{A2F89CDD-6801-9C70-249B-92BBDAF48612}.Release|Any CPU.ActiveCfg = Release|Any CPU
		{A2F89CDD-6801-9C70-249B-92BBDAF48612}.Release|Any CPU.Build.0 = Release|Any CPU
		{128F0927-4321-D1B3-6ECA-9A569E9D74B6}.Debug|Any CPU.ActiveCfg = Debug|Any CPU
		{128F0927-4321-D1B3-6ECA-9A569E9D74B6}.Debug|Any CPU.Build.0 = Debug|Any CPU
		{128F0927-4321-D1B3-6ECA-9A569E9D74B6}.Release|Any CPU.ActiveCfg = Release|Any CPU
		{128F0927-4321-D1B3-6ECA-9A569E9D74B6}.Release|Any CPU.Build.0 = Release|Any CPU
		{C0EB5590-1684-3BF2-CB59-B27F17D29063}.Debug|Any CPU.ActiveCfg = Debug|Any CPU
		{C0EB5590-1684-3BF2-CB59-B27F17D29063}.Debug|Any CPU.Build.0 = Debug|Any CPU
		{C0EB5590-1684-3BF2-CB59-B27F17D29063}.Release|Any CPU.ActiveCfg = Release|Any CPU
		{C0EB5590-1684-3BF2-CB59-B27F17D29063}.Release|Any CPU.Build.0 = Release|Any CPU
		{E1D535FF-E99A-EB7B-DFFC-12BAC32C1A41}.Debug|Any CPU.ActiveCfg = Debug|Any CPU
		{E1D535FF-E99A-EB7B-DFFC-12BAC32C1A41}.Debug|Any CPU.Build.0 = Debug|Any CPU
		{E1D535FF-E99A-EB7B-DFFC-12BAC32C1A41}.Release|Any CPU.ActiveCfg = Release|Any CPU
		{E1D535FF-E99A-EB7B-DFFC-12BAC32C1A41}.Release|Any CPU.Build.0 = Release|Any CPU
		{167AB843-D984-8AB5-6D56-DF348C5DD5C7}.Debug|Any CPU.ActiveCfg = Debug|Any CPU
		{167AB843-D984-8AB5-6D56-DF348C5DD5C7}.Debug|Any CPU.Build.0 = Debug|Any CPU
		{167AB843-D984-8AB5-6D56-DF348C5DD5C7}.Release|Any CPU.ActiveCfg = Release|Any CPU
		{167AB843-D984-8AB5-6D56-DF348C5DD5C7}.Release|Any CPU.Build.0 = Release|Any CPU
		{B41D3DAB-6CAC-80BF-5056-DA331CF56BEF}.Debug|Any CPU.ActiveCfg = Debug|Any CPU
		{B41D3DAB-6CAC-80BF-5056-DA331CF56BEF}.Debug|Any CPU.Build.0 = Debug|Any CPU
		{B41D3DAB-6CAC-80BF-5056-DA331CF56BEF}.Release|Any CPU.ActiveCfg = Release|Any CPU
		{B41D3DAB-6CAC-80BF-5056-DA331CF56BEF}.Release|Any CPU.Build.0 = Release|Any CPU
		{368EE647-67F9-13CE-9E65-2B68761F338C}.Debug|Any CPU.ActiveCfg = Debug|Any CPU
		{368EE647-67F9-13CE-9E65-2B68761F338C}.Debug|Any CPU.Build.0 = Debug|Any CPU
		{368EE647-67F9-13CE-9E65-2B68761F338C}.Release|Any CPU.ActiveCfg = Release|Any CPU
		{368EE647-67F9-13CE-9E65-2B68761F338C}.Release|Any CPU.Build.0 = Release|Any CPU
		{A4E4E3D8-6506-37B4-1E38-0BF51D985509}.Debug|Any CPU.ActiveCfg = Debug|Any CPU
		{A4E4E3D8-6506-37B4-1E38-0BF51D985509}.Debug|Any CPU.Build.0 = Debug|Any CPU
		{A4E4E3D8-6506-37B4-1E38-0BF51D985509}.Release|Any CPU.ActiveCfg = Release|Any CPU
		{A4E4E3D8-6506-37B4-1E38-0BF51D985509}.Release|Any CPU.Build.0 = Release|Any CPU
		{F8182E7C-7CDD-BE98-E9C7-336A29E08D84}.Debug|Any CPU.ActiveCfg = Debug|Any CPU
		{F8182E7C-7CDD-BE98-E9C7-336A29E08D84}.Debug|Any CPU.Build.0 = Debug|Any CPU
		{F8182E7C-7CDD-BE98-E9C7-336A29E08D84}.Release|Any CPU.ActiveCfg = Release|Any CPU
		{F8182E7C-7CDD-BE98-E9C7-336A29E08D84}.Release|Any CPU.Build.0 = Release|Any CPU
		{E4F29D61-20D8-E910-B967-7F7168803CC6}.Debug|Any CPU.ActiveCfg = Debug|Any CPU
		{E4F29D61-20D8-E910-B967-7F7168803CC6}.Debug|Any CPU.Build.0 = Debug|Any CPU
		{E4F29D61-20D8-E910-B967-7F7168803CC6}.Release|Any CPU.ActiveCfg = Release|Any CPU
		{E4F29D61-20D8-E910-B967-7F7168803CC6}.Release|Any CPU.Build.0 = Release|Any CPU
		{177B87EA-F93A-AE3F-443C-F52FFF27F1D2}.Debug|Any CPU.ActiveCfg = Debug|Any CPU
		{177B87EA-F93A-AE3F-443C-F52FFF27F1D2}.Debug|Any CPU.Build.0 = Debug|Any CPU
		{177B87EA-F93A-AE3F-443C-F52FFF27F1D2}.Release|Any CPU.ActiveCfg = Release|Any CPU
		{177B87EA-F93A-AE3F-443C-F52FFF27F1D2}.Release|Any CPU.Build.0 = Release|Any CPU
		{7FFDB826-D2D0-C171-B924-D83DBEBB53AC}.Debug|Any CPU.ActiveCfg = Debug|Any CPU
		{7FFDB826-D2D0-C171-B924-D83DBEBB53AC}.Debug|Any CPU.Build.0 = Debug|Any CPU
		{7FFDB826-D2D0-C171-B924-D83DBEBB53AC}.Release|Any CPU.ActiveCfg = Release|Any CPU
		{7FFDB826-D2D0-C171-B924-D83DBEBB53AC}.Release|Any CPU.Build.0 = Release|Any CPU
		{7110C17C-0CEB-6EC8-2CF6-0F69EDB73260}.Debug|Any CPU.ActiveCfg = Debug|Any CPU
		{7110C17C-0CEB-6EC8-2CF6-0F69EDB73260}.Debug|Any CPU.Build.0 = Debug|Any CPU
		{7110C17C-0CEB-6EC8-2CF6-0F69EDB73260}.Release|Any CPU.ActiveCfg = Release|Any CPU
		{7110C17C-0CEB-6EC8-2CF6-0F69EDB73260}.Release|Any CPU.Build.0 = Release|Any CPU
		{80B14612-DE5E-3292-DCF0-6AB47020EF48}.Debug|Any CPU.ActiveCfg = Debug|Any CPU
		{80B14612-DE5E-3292-DCF0-6AB47020EF48}.Debug|Any CPU.Build.0 = Debug|Any CPU
		{80B14612-DE5E-3292-DCF0-6AB47020EF48}.Release|Any CPU.ActiveCfg = Release|Any CPU
		{80B14612-DE5E-3292-DCF0-6AB47020EF48}.Release|Any CPU.Build.0 = Release|Any CPU
		{E15E52A2-FBC9-CAAB-DFAB-1F5A129C23A9}.Debug|Any CPU.ActiveCfg = Debug|Any CPU
		{E15E52A2-FBC9-CAAB-DFAB-1F5A129C23A9}.Debug|Any CPU.Build.0 = Debug|Any CPU
		{E15E52A2-FBC9-CAAB-DFAB-1F5A129C23A9}.Release|Any CPU.ActiveCfg = Release|Any CPU
		{E15E52A2-FBC9-CAAB-DFAB-1F5A129C23A9}.Release|Any CPU.Build.0 = Release|Any CPU
		{DDD3587B-01B3-BE05-4C3A-16DFBF974493}.Debug|Any CPU.ActiveCfg = Debug|Any CPU
		{DDD3587B-01B3-BE05-4C3A-16DFBF974493}.Debug|Any CPU.Build.0 = Debug|Any CPU
		{DDD3587B-01B3-BE05-4C3A-16DFBF974493}.Release|Any CPU.ActiveCfg = Release|Any CPU
		{DDD3587B-01B3-BE05-4C3A-16DFBF974493}.Release|Any CPU.Build.0 = Release|Any CPU
		{2BC07824-DBE5-062F-1B1D-2086E4433D4D}.Debug|Any CPU.ActiveCfg = Debug|Any CPU
		{2BC07824-DBE5-062F-1B1D-2086E4433D4D}.Debug|Any CPU.Build.0 = Debug|Any CPU
		{2BC07824-DBE5-062F-1B1D-2086E4433D4D}.Release|Any CPU.ActiveCfg = Release|Any CPU
		{2BC07824-DBE5-062F-1B1D-2086E4433D4D}.Release|Any CPU.Build.0 = Release|Any CPU
		{A45751A6-DB1F-D432-5385-A9C144B27364}.Debug|Any CPU.ActiveCfg = Debug|Any CPU
		{A45751A6-DB1F-D432-5385-A9C144B27364}.Debug|Any CPU.Build.0 = Debug|Any CPU
		{A45751A6-DB1F-D432-5385-A9C144B27364}.Release|Any CPU.ActiveCfg = Release|Any CPU
		{A45751A6-DB1F-D432-5385-A9C144B27364}.Release|Any CPU.Build.0 = Release|Any CPU
		{CBAE7C15-08BE-4530-8026-C93B9EE6E283}.Debug|Any CPU.ActiveCfg = Debug|Any CPU
		{CBAE7C15-08BE-4530-8026-C93B9EE6E283}.Debug|Any CPU.Build.0 = Debug|Any CPU
		{CBAE7C15-08BE-4530-8026-C93B9EE6E283}.Release|Any CPU.ActiveCfg = Release|Any CPU
		{CBAE7C15-08BE-4530-8026-C93B9EE6E283}.Release|Any CPU.Build.0 = Release|Any CPU
		{D3373804-C91F-DAF5-4325-E5DD71776973}.Debug|Any CPU.ActiveCfg = Debug|Any CPU
		{D3373804-C91F-DAF5-4325-E5DD71776973}.Debug|Any CPU.Build.0 = Debug|Any CPU
		{D3373804-C91F-DAF5-4325-E5DD71776973}.Release|Any CPU.ActiveCfg = Release|Any CPU
		{D3373804-C91F-DAF5-4325-E5DD71776973}.Release|Any CPU.Build.0 = Release|Any CPU
		{30867A27-9802-9250-74D0-5D6BB7A30063}.Debug|Any CPU.ActiveCfg = Debug|Any CPU
		{30867A27-9802-9250-74D0-5D6BB7A30063}.Debug|Any CPU.Build.0 = Debug|Any CPU
		{30867A27-9802-9250-74D0-5D6BB7A30063}.Release|Any CPU.ActiveCfg = Release|Any CPU
		{30867A27-9802-9250-74D0-5D6BB7A30063}.Release|Any CPU.Build.0 = Release|Any CPU
		{E2A2B949-5B25-24C4-A389-B6729DBE95B3}.Debug|Any CPU.ActiveCfg = Debug|Any CPU
		{E2A2B949-5B25-24C4-A389-B6729DBE95B3}.Debug|Any CPU.Build.0 = Debug|Any CPU
		{E2A2B949-5B25-24C4-A389-B6729DBE95B3}.Release|Any CPU.ActiveCfg = Release|Any CPU
		{E2A2B949-5B25-24C4-A389-B6729DBE95B3}.Release|Any CPU.Build.0 = Release|Any CPU
		{A7A83373-D2CF-3C14-4D44-557E17648A37}.Debug|Any CPU.ActiveCfg = Debug|Any CPU
		{A7A83373-D2CF-3C14-4D44-557E17648A37}.Debug|Any CPU.Build.0 = Debug|Any CPU
		{A7A83373-D2CF-3C14-4D44-557E17648A37}.Release|Any CPU.ActiveCfg = Release|Any CPU
		{A7A83373-D2CF-3C14-4D44-557E17648A37}.Release|Any CPU.Build.0 = Release|Any CPU
		{59E6591F-A22E-D7A0-5830-2BB0E5EFD0F8}.Debug|Any CPU.ActiveCfg = Debug|Any CPU
		{59E6591F-A22E-D7A0-5830-2BB0E5EFD0F8}.Debug|Any CPU.Build.0 = Debug|Any CPU
		{59E6591F-A22E-D7A0-5830-2BB0E5EFD0F8}.Release|Any CPU.ActiveCfg = Release|Any CPU
		{59E6591F-A22E-D7A0-5830-2BB0E5EFD0F8}.Release|Any CPU.Build.0 = Release|Any CPU
		{FB5DF8D6-B081-2C30-FFB7-8BAD49306396}.Debug|Any CPU.ActiveCfg = Debug|Any CPU
		{FB5DF8D6-B081-2C30-FFB7-8BAD49306396}.Debug|Any CPU.Build.0 = Debug|Any CPU
		{FB5DF8D6-B081-2C30-FFB7-8BAD49306396}.Release|Any CPU.ActiveCfg = Release|Any CPU
		{FB5DF8D6-B081-2C30-FFB7-8BAD49306396}.Release|Any CPU.Build.0 = Release|Any CPU
		{DD003EB6-2287-2978-F168-B7A60D4DAB1A}.Debug|Any CPU.ActiveCfg = Debug|Any CPU
		{DD003EB6-2287-2978-F168-B7A60D4DAB1A}.Debug|Any CPU.Build.0 = Debug|Any CPU
		{DD003EB6-2287-2978-F168-B7A60D4DAB1A}.Release|Any CPU.ActiveCfg = Release|Any CPU
		{DD003EB6-2287-2978-F168-B7A60D4DAB1A}.Release|Any CPU.Build.0 = Release|Any CPU
		{306E5767-73AF-C9B7-2D00-12757DE8514A}.Debug|Any CPU.ActiveCfg = Debug|Any CPU
		{306E5767-73AF-C9B7-2D00-12757DE8514A}.Debug|Any CPU.Build.0 = Debug|Any CPU
		{306E5767-73AF-C9B7-2D00-12757DE8514A}.Release|Any CPU.ActiveCfg = Release|Any CPU
		{306E5767-73AF-C9B7-2D00-12757DE8514A}.Release|Any CPU.Build.0 = Release|Any CPU
		{1A5A0358-E236-382F-D2E5-6C4CF7A46507}.Debug|Any CPU.ActiveCfg = Debug|Any CPU
		{1A5A0358-E236-382F-D2E5-6C4CF7A46507}.Debug|Any CPU.Build.0 = Debug|Any CPU
		{1A5A0358-E236-382F-D2E5-6C4CF7A46507}.Release|Any CPU.ActiveCfg = Release|Any CPU
		{1A5A0358-E236-382F-D2E5-6C4CF7A46507}.Release|Any CPU.Build.0 = Release|Any CPU
		{74C5D89A-760B-956B-61C4-226844427FEB}.Debug|Any CPU.ActiveCfg = Debug|Any CPU
		{74C5D89A-760B-956B-61C4-226844427FEB}.Debug|Any CPU.Build.0 = Debug|Any CPU
		{74C5D89A-760B-956B-61C4-226844427FEB}.Release|Any CPU.ActiveCfg = Release|Any CPU
		{74C5D89A-760B-956B-61C4-226844427FEB}.Release|Any CPU.Build.0 = Release|Any CPU
		{E5934EC9-E300-CEB5-950A-9D311CFD9038}.Debug|Any CPU.ActiveCfg = Debug|Any CPU
		{E5934EC9-E300-CEB5-950A-9D311CFD9038}.Debug|Any CPU.Build.0 = Debug|Any CPU
		{E5934EC9-E300-CEB5-950A-9D311CFD9038}.Release|Any CPU.ActiveCfg = Release|Any CPU
		{E5934EC9-E300-CEB5-950A-9D311CFD9038}.Release|Any CPU.Build.0 = Release|Any CPU
		{859A8900-1DFD-40CE-61F2-98BDC3641F3B}.Debug|Any CPU.ActiveCfg = Debug|Any CPU
		{859A8900-1DFD-40CE-61F2-98BDC3641F3B}.Debug|Any CPU.Build.0 = Debug|Any CPU
		{859A8900-1DFD-40CE-61F2-98BDC3641F3B}.Release|Any CPU.ActiveCfg = Release|Any CPU
		{859A8900-1DFD-40CE-61F2-98BDC3641F3B}.Release|Any CPU.Build.0 = Release|Any CPU
		{695F5D02-F89B-C795-6988-B4E49552EBDE}.Debug|Any CPU.ActiveCfg = Debug|Any CPU
		{695F5D02-F89B-C795-6988-B4E49552EBDE}.Debug|Any CPU.Build.0 = Debug|Any CPU
		{695F5D02-F89B-C795-6988-B4E49552EBDE}.Release|Any CPU.ActiveCfg = Release|Any CPU
		{695F5D02-F89B-C795-6988-B4E49552EBDE}.Release|Any CPU.Build.0 = Release|Any CPU
		{B091784C-C1F1-F7F7-B57F-48CC82EA4CC8}.Debug|Any CPU.ActiveCfg = Debug|Any CPU
		{B091784C-C1F1-F7F7-B57F-48CC82EA4CC8}.Debug|Any CPU.Build.0 = Debug|Any CPU
		{B091784C-C1F1-F7F7-B57F-48CC82EA4CC8}.Release|Any CPU.ActiveCfg = Release|Any CPU
		{B091784C-C1F1-F7F7-B57F-48CC82EA4CC8}.Release|Any CPU.Build.0 = Release|Any CPU
		{BABA277D-8761-7725-41D2-68A616859B23}.Debug|Any CPU.ActiveCfg = Debug|Any CPU
		{BABA277D-8761-7725-41D2-68A616859B23}.Debug|Any CPU.Build.0 = Debug|Any CPU
		{BABA277D-8761-7725-41D2-68A616859B23}.Release|Any CPU.ActiveCfg = Release|Any CPU
		{BABA277D-8761-7725-41D2-68A616859B23}.Release|Any CPU.Build.0 = Release|Any CPU
		{1FA704F0-0385-5674-9D62-B0FC487F7893}.Debug|Any CPU.ActiveCfg = Debug|Any CPU
		{1FA704F0-0385-5674-9D62-B0FC487F7893}.Debug|Any CPU.Build.0 = Debug|Any CPU
		{1FA704F0-0385-5674-9D62-B0FC487F7893}.Release|Any CPU.ActiveCfg = Release|Any CPU
		{1FA704F0-0385-5674-9D62-B0FC487F7893}.Release|Any CPU.Build.0 = Release|Any CPU
		{CA80F8EE-5C18-6CB0-2BB6-5BBFB4A8F26A}.Debug|Any CPU.ActiveCfg = Debug|Any CPU
		{CA80F8EE-5C18-6CB0-2BB6-5BBFB4A8F26A}.Debug|Any CPU.Build.0 = Debug|Any CPU
		{CA80F8EE-5C18-6CB0-2BB6-5BBFB4A8F26A}.Release|Any CPU.ActiveCfg = Release|Any CPU
		{CA80F8EE-5C18-6CB0-2BB6-5BBFB4A8F26A}.Release|Any CPU.Build.0 = Release|Any CPU
		{6EA65225-2DE4-2A5C-944B-628D07A5CCE5}.Debug|Any CPU.ActiveCfg = Debug|Any CPU
		{6EA65225-2DE4-2A5C-944B-628D07A5CCE5}.Debug|Any CPU.Build.0 = Debug|Any CPU
		{6EA65225-2DE4-2A5C-944B-628D07A5CCE5}.Release|Any CPU.ActiveCfg = Release|Any CPU
		{6EA65225-2DE4-2A5C-944B-628D07A5CCE5}.Release|Any CPU.Build.0 = Release|Any CPU
		{279AB7AF-133E-5C9C-43C1-E580E3F8B62F}.Debug|Any CPU.ActiveCfg = Debug|Any CPU
		{279AB7AF-133E-5C9C-43C1-E580E3F8B62F}.Debug|Any CPU.Build.0 = Debug|Any CPU
		{279AB7AF-133E-5C9C-43C1-E580E3F8B62F}.Release|Any CPU.ActiveCfg = Release|Any CPU
		{279AB7AF-133E-5C9C-43C1-E580E3F8B62F}.Release|Any CPU.Build.0 = Release|Any CPU
		{AAC510CD-C1BF-73D3-D3FB-EE0E4D313386}.Debug|Any CPU.ActiveCfg = Debug|Any CPU
		{AAC510CD-C1BF-73D3-D3FB-EE0E4D313386}.Debug|Any CPU.Build.0 = Debug|Any CPU
		{AAC510CD-C1BF-73D3-D3FB-EE0E4D313386}.Release|Any CPU.ActiveCfg = Release|Any CPU
		{AAC510CD-C1BF-73D3-D3FB-EE0E4D313386}.Release|Any CPU.Build.0 = Release|Any CPU
		{EAA177A4-1F8D-A713-70C3-844DD4A392E3}.Debug|Any CPU.ActiveCfg = Debug|Any CPU
		{EAA177A4-1F8D-A713-70C3-844DD4A392E3}.Debug|Any CPU.Build.0 = Debug|Any CPU
		{EAA177A4-1F8D-A713-70C3-844DD4A392E3}.Release|Any CPU.ActiveCfg = Release|Any CPU
		{EAA177A4-1F8D-A713-70C3-844DD4A392E3}.Release|Any CPU.Build.0 = Release|Any CPU
		{8515411C-1538-C523-9415-3259F2991210}.Debug|Any CPU.ActiveCfg = Debug|Any CPU
		{8515411C-1538-C523-9415-3259F2991210}.Debug|Any CPU.Build.0 = Debug|Any CPU
		{8515411C-1538-C523-9415-3259F2991210}.Release|Any CPU.ActiveCfg = Release|Any CPU
		{8515411C-1538-C523-9415-3259F2991210}.Release|Any CPU.Build.0 = Release|Any CPU
		{A168E18B-5BAD-A14A-7BCC-15047F80E15B}.Debug|Any CPU.ActiveCfg = Debug|Any CPU
		{A168E18B-5BAD-A14A-7BCC-15047F80E15B}.Debug|Any CPU.Build.0 = Debug|Any CPU
		{A168E18B-5BAD-A14A-7BCC-15047F80E15B}.Release|Any CPU.ActiveCfg = Release|Any CPU
		{A168E18B-5BAD-A14A-7BCC-15047F80E15B}.Release|Any CPU.Build.0 = Release|Any CPU
		{2C3883DA-9276-60CE-627C-C8AB41C1520F}.Debug|Any CPU.ActiveCfg = Debug|Any CPU
		{2C3883DA-9276-60CE-627C-C8AB41C1520F}.Debug|Any CPU.Build.0 = Debug|Any CPU
		{2C3883DA-9276-60CE-627C-C8AB41C1520F}.Release|Any CPU.ActiveCfg = Release|Any CPU
		{2C3883DA-9276-60CE-627C-C8AB41C1520F}.Release|Any CPU.Build.0 = Release|Any CPU
		{D12DF6F1-8ADF-2A72-E897-24F880E4AF72}.Debug|Any CPU.ActiveCfg = Debug|Any CPU
		{D12DF6F1-8ADF-2A72-E897-24F880E4AF72}.Debug|Any CPU.Build.0 = Debug|Any CPU
		{D12DF6F1-8ADF-2A72-E897-24F880E4AF72}.Release|Any CPU.ActiveCfg = Release|Any CPU
		{D12DF6F1-8ADF-2A72-E897-24F880E4AF72}.Release|Any CPU.Build.0 = Release|Any CPU
		{7917549D-CA13-9B63-96D4-4BAE2C3ADA80}.Debug|Any CPU.ActiveCfg = Debug|Any CPU
		{7917549D-CA13-9B63-96D4-4BAE2C3ADA80}.Debug|Any CPU.Build.0 = Debug|Any CPU
		{7917549D-CA13-9B63-96D4-4BAE2C3ADA80}.Release|Any CPU.ActiveCfg = Release|Any CPU
		{7917549D-CA13-9B63-96D4-4BAE2C3ADA80}.Release|Any CPU.Build.0 = Release|Any CPU
		{88B37376-6816-3537-8983-966F09868235}.Debug|Any CPU.ActiveCfg = Debug|Any CPU
		{88B37376-6816-3537-8983-966F09868235}.Debug|Any CPU.Build.0 = Debug|Any CPU
		{88B37376-6816-3537-8983-966F09868235}.Release|Any CPU.ActiveCfg = Release|Any CPU
		{88B37376-6816-3537-8983-966F09868235}.Release|Any CPU.Build.0 = Release|Any CPU
		{3767B16F-876B-2964-6FC6-A481D9ADA3C8}.Debug|Any CPU.ActiveCfg = Debug|Any CPU
		{3767B16F-876B-2964-6FC6-A481D9ADA3C8}.Debug|Any CPU.Build.0 = Debug|Any CPU
		{3767B16F-876B-2964-6FC6-A481D9ADA3C8}.Release|Any CPU.ActiveCfg = Release|Any CPU
		{3767B16F-876B-2964-6FC6-A481D9ADA3C8}.Release|Any CPU.Build.0 = Release|Any CPU
		{3DAE2530-6054-A8F9-F07E-ABB431AF2E96}.Debug|Any CPU.ActiveCfg = Debug|Any CPU
		{3DAE2530-6054-A8F9-F07E-ABB431AF2E96}.Debug|Any CPU.Build.0 = Debug|Any CPU
		{3DAE2530-6054-A8F9-F07E-ABB431AF2E96}.Release|Any CPU.ActiveCfg = Release|Any CPU
		{3DAE2530-6054-A8F9-F07E-ABB431AF2E96}.Release|Any CPU.Build.0 = Release|Any CPU
		{91B751A1-A6D2-5654-D512-098230E14632}.Debug|Any CPU.ActiveCfg = Debug|Any CPU
		{91B751A1-A6D2-5654-D512-098230E14632}.Debug|Any CPU.Build.0 = Debug|Any CPU
		{91B751A1-A6D2-5654-D512-098230E14632}.Release|Any CPU.ActiveCfg = Release|Any CPU
		{91B751A1-A6D2-5654-D512-098230E14632}.Release|Any CPU.Build.0 = Release|Any CPU
		{BEC1ABC1-BE68-F66C-4CD5-39154EED3D09}.Debug|Any CPU.ActiveCfg = Debug|Any CPU
		{BEC1ABC1-BE68-F66C-4CD5-39154EED3D09}.Debug|Any CPU.Build.0 = Debug|Any CPU
		{BEC1ABC1-BE68-F66C-4CD5-39154EED3D09}.Release|Any CPU.ActiveCfg = Release|Any CPU
		{BEC1ABC1-BE68-F66C-4CD5-39154EED3D09}.Release|Any CPU.Build.0 = Release|Any CPU
		{DC2CAF90-7FF8-5196-4E18-B2A21C9D5F5D}.Debug|Any CPU.ActiveCfg = Debug|Any CPU
		{DC2CAF90-7FF8-5196-4E18-B2A21C9D5F5D}.Debug|Any CPU.Build.0 = Debug|Any CPU
		{DC2CAF90-7FF8-5196-4E18-B2A21C9D5F5D}.Release|Any CPU.ActiveCfg = Release|Any CPU
		{DC2CAF90-7FF8-5196-4E18-B2A21C9D5F5D}.Release|Any CPU.Build.0 = Release|Any CPU
		{81509599-0128-A61B-D61D-053116089670}.Debug|Any CPU.ActiveCfg = Debug|Any CPU
		{81509599-0128-A61B-D61D-053116089670}.Debug|Any CPU.Build.0 = Debug|Any CPU
		{81509599-0128-A61B-D61D-053116089670}.Release|Any CPU.ActiveCfg = Release|Any CPU
		{81509599-0128-A61B-D61D-053116089670}.Release|Any CPU.Build.0 = Release|Any CPU
		{75148964-E182-2EB7-1ADD-51E9D3B0F89C}.Debug|Any CPU.ActiveCfg = Debug|Any CPU
		{75148964-E182-2EB7-1ADD-51E9D3B0F89C}.Debug|Any CPU.Build.0 = Debug|Any CPU
		{75148964-E182-2EB7-1ADD-51E9D3B0F89C}.Release|Any CPU.ActiveCfg = Release|Any CPU
		{75148964-E182-2EB7-1ADD-51E9D3B0F89C}.Release|Any CPU.Build.0 = Release|Any CPU
		{E7027D75-9951-F9D4-C09C-8264EE5F368B}.Debug|Any CPU.ActiveCfg = Debug|Any CPU
		{E7027D75-9951-F9D4-C09C-8264EE5F368B}.Debug|Any CPU.Build.0 = Debug|Any CPU
		{E7027D75-9951-F9D4-C09C-8264EE5F368B}.Release|Any CPU.ActiveCfg = Release|Any CPU
		{E7027D75-9951-F9D4-C09C-8264EE5F368B}.Release|Any CPU.Build.0 = Release|Any CPU
		{7AAEA511-7E70-3E9F-D303-74CCBC48E400}.Debug|Any CPU.ActiveCfg = Debug|Any CPU
		{7AAEA511-7E70-3E9F-D303-74CCBC48E400}.Debug|Any CPU.Build.0 = Debug|Any CPU
		{7AAEA511-7E70-3E9F-D303-74CCBC48E400}.Release|Any CPU.ActiveCfg = Release|Any CPU
		{7AAEA511-7E70-3E9F-D303-74CCBC48E400}.Release|Any CPU.Build.0 = Release|Any CPU
		{68010E5C-98B0-F221-A15C-912CA8416135}.Debug|Any CPU.ActiveCfg = Debug|Any CPU
		{68010E5C-98B0-F221-A15C-912CA8416135}.Debug|Any CPU.Build.0 = Debug|Any CPU
		{68010E5C-98B0-F221-A15C-912CA8416135}.Release|Any CPU.ActiveCfg = Release|Any CPU
		{68010E5C-98B0-F221-A15C-912CA8416135}.Release|Any CPU.Build.0 = Release|Any CPU
		{B57E51D4-A539-6ABA-D4D3-7E8F5A441857}.Debug|Any CPU.ActiveCfg = Debug|Any CPU
		{B57E51D4-A539-6ABA-D4D3-7E8F5A441857}.Debug|Any CPU.Build.0 = Debug|Any CPU
		{B57E51D4-A539-6ABA-D4D3-7E8F5A441857}.Release|Any CPU.ActiveCfg = Release|Any CPU
		{B57E51D4-A539-6ABA-D4D3-7E8F5A441857}.Release|Any CPU.Build.0 = Release|Any CPU
		{5CCEA7A9-2470-2FAB-8DA8-AEE9FC982CFB}.Debug|Any CPU.ActiveCfg = Debug|Any CPU
		{5CCEA7A9-2470-2FAB-8DA8-AEE9FC982CFB}.Debug|Any CPU.Build.0 = Debug|Any CPU
		{5CCEA7A9-2470-2FAB-8DA8-AEE9FC982CFB}.Release|Any CPU.ActiveCfg = Release|Any CPU
		{5CCEA7A9-2470-2FAB-8DA8-AEE9FC982CFB}.Release|Any CPU.Build.0 = Release|Any CPU
		{8843DE4B-13A8-068C-4A3E-8E060B6EC447}.Debug|Any CPU.ActiveCfg = Debug|Any CPU
		{8843DE4B-13A8-068C-4A3E-8E060B6EC447}.Debug|Any CPU.Build.0 = Debug|Any CPU
		{8843DE4B-13A8-068C-4A3E-8E060B6EC447}.Release|Any CPU.ActiveCfg = Release|Any CPU
		{8843DE4B-13A8-068C-4A3E-8E060B6EC447}.Release|Any CPU.Build.0 = Release|Any CPU
		{4D17B72D-55C8-8450-D84B-DD56A70BDE75}.Debug|Any CPU.ActiveCfg = Debug|Any CPU
		{4D17B72D-55C8-8450-D84B-DD56A70BDE75}.Debug|Any CPU.Build.0 = Debug|Any CPU
		{4D17B72D-55C8-8450-D84B-DD56A70BDE75}.Release|Any CPU.ActiveCfg = Release|Any CPU
		{4D17B72D-55C8-8450-D84B-DD56A70BDE75}.Release|Any CPU.Build.0 = Release|Any CPU
		{AAEC1E1F-17ED-C546-9DC8-AAB9F8C7D7DB}.Debug|Any CPU.ActiveCfg = Debug|Any CPU
		{AAEC1E1F-17ED-C546-9DC8-AAB9F8C7D7DB}.Debug|Any CPU.Build.0 = Debug|Any CPU
		{AAEC1E1F-17ED-C546-9DC8-AAB9F8C7D7DB}.Release|Any CPU.ActiveCfg = Release|Any CPU
		{AAEC1E1F-17ED-C546-9DC8-AAB9F8C7D7DB}.Release|Any CPU.Build.0 = Release|Any CPU
		{F1DD8ECC-736F-2117-3BE4-78D68AA40A83}.Debug|Any CPU.ActiveCfg = Debug|Any CPU
		{F1DD8ECC-736F-2117-3BE4-78D68AA40A83}.Debug|Any CPU.Build.0 = Debug|Any CPU
		{F1DD8ECC-736F-2117-3BE4-78D68AA40A83}.Release|Any CPU.ActiveCfg = Release|Any CPU
		{F1DD8ECC-736F-2117-3BE4-78D68AA40A83}.Release|Any CPU.Build.0 = Release|Any CPU
		{190004C1-D2D7-8486-2D72-B54DBDADD83F}.Debug|Any CPU.ActiveCfg = Debug|Any CPU
		{190004C1-D2D7-8486-2D72-B54DBDADD83F}.Debug|Any CPU.Build.0 = Debug|Any CPU
		{190004C1-D2D7-8486-2D72-B54DBDADD83F}.Release|Any CPU.ActiveCfg = Release|Any CPU
		{190004C1-D2D7-8486-2D72-B54DBDADD83F}.Release|Any CPU.Build.0 = Release|Any CPU
		{24ED7EDB-6ECC-1B80-1BF5-32316348E1C0}.Debug|Any CPU.ActiveCfg = Debug|Any CPU
		{24ED7EDB-6ECC-1B80-1BF5-32316348E1C0}.Debug|Any CPU.Build.0 = Debug|Any CPU
		{24ED7EDB-6ECC-1B80-1BF5-32316348E1C0}.Release|Any CPU.ActiveCfg = Release|Any CPU
		{24ED7EDB-6ECC-1B80-1BF5-32316348E1C0}.Release|Any CPU.Build.0 = Release|Any CPU
		{B7A3D183-E899-2F4C-803F-A55317BA2A75}.Debug|Any CPU.ActiveCfg = Debug|Any CPU
		{B7A3D183-E899-2F4C-803F-A55317BA2A75}.Debug|Any CPU.Build.0 = Debug|Any CPU
		{B7A3D183-E899-2F4C-803F-A55317BA2A75}.Release|Any CPU.ActiveCfg = Release|Any CPU
		{B7A3D183-E899-2F4C-803F-A55317BA2A75}.Release|Any CPU.Build.0 = Release|Any CPU
		{ECA1A38F-BB27-EF34-7521-B96F145BF3F8}.Debug|Any CPU.ActiveCfg = Debug|Any CPU
		{ECA1A38F-BB27-EF34-7521-B96F145BF3F8}.Debug|Any CPU.Build.0 = Debug|Any CPU
		{ECA1A38F-BB27-EF34-7521-B96F145BF3F8}.Release|Any CPU.ActiveCfg = Release|Any CPU
		{ECA1A38F-BB27-EF34-7521-B96F145BF3F8}.Release|Any CPU.Build.0 = Release|Any CPU
		{985FB393-7907-109A-241A-3715394FF320}.Debug|Any CPU.ActiveCfg = Debug|Any CPU
		{985FB393-7907-109A-241A-3715394FF320}.Debug|Any CPU.Build.0 = Debug|Any CPU
		{985FB393-7907-109A-241A-3715394FF320}.Release|Any CPU.ActiveCfg = Release|Any CPU
		{985FB393-7907-109A-241A-3715394FF320}.Release|Any CPU.Build.0 = Release|Any CPU
		{6249D2C6-C281-3609-C6C8-A76966DCA0F5}.Debug|Any CPU.ActiveCfg = Debug|Any CPU
		{6249D2C6-C281-3609-C6C8-A76966DCA0F5}.Debug|Any CPU.Build.0 = Debug|Any CPU
		{6249D2C6-C281-3609-C6C8-A76966DCA0F5}.Release|Any CPU.ActiveCfg = Release|Any CPU
		{6249D2C6-C281-3609-C6C8-A76966DCA0F5}.Release|Any CPU.Build.0 = Release|Any CPU
		{C1BD89DB-2BF3-E0CD-671F-A6FDAD718760}.Debug|Any CPU.ActiveCfg = Debug|Any CPU
		{C1BD89DB-2BF3-E0CD-671F-A6FDAD718760}.Debug|Any CPU.Build.0 = Debug|Any CPU
		{C1BD89DB-2BF3-E0CD-671F-A6FDAD718760}.Release|Any CPU.ActiveCfg = Release|Any CPU
		{C1BD89DB-2BF3-E0CD-671F-A6FDAD718760}.Release|Any CPU.Build.0 = Release|Any CPU
		{6AF95093-2EC4-99F3-A2AF-C6A68158A16F}.Debug|Any CPU.ActiveCfg = Debug|Any CPU
		{6AF95093-2EC4-99F3-A2AF-C6A68158A16F}.Debug|Any CPU.Build.0 = Debug|Any CPU
		{6AF95093-2EC4-99F3-A2AF-C6A68158A16F}.Release|Any CPU.ActiveCfg = Release|Any CPU
		{6AF95093-2EC4-99F3-A2AF-C6A68158A16F}.Release|Any CPU.Build.0 = Release|Any CPU
		{3C295EFC-3CFC-D3F2-1B50-5DA31D351695}.Debug|Any CPU.ActiveCfg = Debug|Any CPU
		{3C295EFC-3CFC-D3F2-1B50-5DA31D351695}.Debug|Any CPU.Build.0 = Debug|Any CPU
		{3C295EFC-3CFC-D3F2-1B50-5DA31D351695}.Release|Any CPU.ActiveCfg = Release|Any CPU
		{3C295EFC-3CFC-D3F2-1B50-5DA31D351695}.Release|Any CPU.Build.0 = Release|Any CPU
		{4653CB91-8FED-A09C-EF73-3625906372B5}.Debug|Any CPU.ActiveCfg = Debug|Any CPU
		{4653CB91-8FED-A09C-EF73-3625906372B5}.Debug|Any CPU.Build.0 = Debug|Any CPU
		{4653CB91-8FED-A09C-EF73-3625906372B5}.Release|Any CPU.ActiveCfg = Release|Any CPU
		{4653CB91-8FED-A09C-EF73-3625906372B5}.Release|Any CPU.Build.0 = Release|Any CPU
		{5BA596C1-F2CA-6D6B-6E43-3B83D56F61EF}.Debug|Any CPU.ActiveCfg = Debug|Any CPU
		{5BA596C1-F2CA-6D6B-6E43-3B83D56F61EF}.Debug|Any CPU.Build.0 = Debug|Any CPU
		{5BA596C1-F2CA-6D6B-6E43-3B83D56F61EF}.Release|Any CPU.ActiveCfg = Release|Any CPU
		{5BA596C1-F2CA-6D6B-6E43-3B83D56F61EF}.Release|Any CPU.Build.0 = Release|Any CPU
	EndGlobalSection
	GlobalSection(SolutionProperties) = preSolution
		HideSolutionNode = FALSE
	EndGlobalSection
EndGlobal
